Microsoft Visual Studio Solution File, Format Version 12.00
# Visual Studio Version 17
VisualStudioVersion = 17.5.2.0
MinimumVisualStudioVersion = 10.0.40219.1
Project("{FAE04EC0-301F-11D3-BF4B-00C04F79EFBC}") = "eitan", "eitan.csproj", "{3321D835-D6E6-FE89-5CF3-8B67514045F9}"
EndProject
Global
	GlobalSection(SolutionConfigurationPlatforms) = preSolution
		Debug|Any CPU = Debug|Any CPU
		Release|Any CPU = Release|Any CPU
	EndGlobalSection
	GlobalSection(ProjectConfigurationPlatforms) = postSolution
		{3321D835-D6E6-FE89-5CF3-8B67514045F9}.Debug|Any CPU.ActiveCfg = Debug|Any CPU
		{3321D835-D6E6-FE89-5CF3-8B67514045F9}.Debug|Any CPU.Build.0 = Debug|Any CPU
		{3321D835-D6E6-FE89-5CF3-8B67514045F9}.Release|Any CPU.ActiveCfg = Release|Any CPU
		{3321D835-D6E6-FE89-5CF3-8B67514045F9}.Release|Any CPU.Build.0 = Release|Any CPU
	EndGlobalSection
	GlobalSection(SolutionProperties) = preSolution
		HideSolutionNode = FALSE
	EndGlobalSection
	GlobalSection(ExtensibilityGlobals) = postSolution
		SolutionGuid = {AD7F039B-3600-471A-9EC6-153CD543E34A}
	EndGlobalSection
EndGlobal
